
Microsoft Visual Studio Solution File, Format Version 12.00
# Visual Studio Version 17
VisualStudioVersion = 17.3.32901.215
MinimumVisualStudioVersion = 10.0.40219.1
Project("{FAE04EC0-301F-11D3-BF4B-00C04F79EFBC}") = "ConsoleApp5", "ConsoleApp5.csproj", "{E3E405A1-68DB-4BB2-A5CA-8B119F88EC88}"
EndProject
Global
	GlobalSection(SolutionConfigurationPlatforms) = preSolution
		Debug|Any CPU = Debug|Any CPU
		Release|Any CPU = Release|Any CPU
	EndGlobalSection
	GlobalSection(ProjectConfigurationPlatforms) = postSolution
		{E3E405A1-68DB-4BB2-A5CA-8B119F88EC88}.Debug|Any CPU.ActiveCfg = Debug|Any CPU
		{E3E405A1-68DB-4BB2-A5CA-8B119F88EC88}.Debug|Any CPU.Build.0 = Debug|Any CPU
		{E3E405A1-68DB-4BB2-A5CA-8B119F88EC88}.Release|Any CPU.ActiveCfg = Release|Any CPU
		{E3E405A1-68DB-4BB2-A5CA-8B119F88EC88}.Release|Any CPU.Build.0 = Release|Any CPU
	EndGlobalSection
	GlobalSection(SolutionProperties) = preSolution
		HideSolutionNode = FALSE
	EndGlobalSection
	GlobalSection(ExtensibilityGlobals) = postSolution
		SolutionGuid = {E6FDB7B8-88D7-4205-8CE6-23C1C7BA7575}
	EndGlobalSection
EndGlobal
